// !$*UTF8*$!
{
	archiveVersion = 1;
	classes = {
	};
	objectVersion = 46;
	objects = {

/* Begin PBXBuildFile section */
		016414ED18DDBA6E002DB841 /* Foundation.framework in Frameworks */ = {isa = PBXBuildFile; fileRef = 016414EC18DDBA6E002DB841 /* Foundation.framework */; };
		016414EF18DDBA6E002DB841 /* CoreGraphics.framework in Frameworks */ = {isa = PBXBuildFile; fileRef = 016414EE18DDBA6E002DB841 /* CoreGraphics.framework */; };
		016414F118DDBA6E002DB841 /* UIKit.framework in Frameworks */ = {isa = PBXBuildFile; fileRef = 016414F018DDBA6E002DB841 /* UIKit.framework */; };
		016414F718DDBA6E002DB841 /* InfoPlist.strings in Resources */ = {isa = PBXBuildFile; fileRef = 016414F518DDBA6E002DB841 /* InfoPlist.strings */; };
		016414F918DDBA6F002DB841 /* main.m in Sources */ = {isa = PBXBuildFile; fileRef = 016414F818DDBA6F002DB841 /* main.m */; };
		016414FD18DDBA6F002DB841 /* AppDelegate.m in Sources */ = {isa = PBXBuildFile; fileRef = 016414FC18DDBA6F002DB841 /* AppDelegate.m */; };
		016414FF18DDBA6F002DB841 /* Images.xcassets in Resources */ = {isa = PBXBuildFile; fileRef = 016414FE18DDBA6F002DB841 /* Images.xcassets */; };
		0164150618DDBA6F002DB841 /* XCTest.framework in Frameworks */ = {isa = PBXBuildFile; fileRef = 0164150518DDBA6F002DB841 /* XCTest.framework */; };
		0164150718DDBA6F002DB841 /* Foundation.framework in Frameworks */ = {isa = PBXBuildFile; fileRef = 016414EC18DDBA6E002DB841 /* Foundation.framework */; };
		0164150818DDBA6F002DB841 /* UIKit.framework in Frameworks */ = {isa = PBXBuildFile; fileRef = 016414F018DDBA6E002DB841 /* UIKit.framework */; };
		0164151018DDBA6F002DB841 /* InfoPlist.strings in Resources */ = {isa = PBXBuildFile; fileRef = 0164150E18DDBA6F002DB841 /* InfoPlist.strings */; };
		0164151218DDBA6F002DB841 /* iOSMovieTests.m in Sources */ = {isa = PBXBuildFile; fileRef = 0164151118DDBA6F002DB841 /* iOSMovieTests.m */; };
		0164151F18DDBB94002DB841 /* MainViewController.m in Sources */ = {isa = PBXBuildFile; fileRef = 0164151E18DDBB94002DB841 /* MainViewController.m */; };
/* End PBXBuildFile section */

/* Begin PBXContainerItemProxy section */
		0164150918DDBA6F002DB841 /* PBXContainerItemProxy */ = {
			isa = PBXContainerItemProxy;
			containerPortal = 016414E118DDBA6E002DB841 /* Project object */;
			proxyType = 1;
			remoteGlobalIDString = 016414E818DDBA6E002DB841;
			remoteInfo = iOSMovie;
		};
/* End PBXContainerItemProxy section */

/* Begin PBXFileReference section */
		016414E918DDBA6E002DB841 /* iOSMovie.app */ = {isa = PBXFileReference; explicitFileType = wrapper.application; includeInIndex = 0; path = iOSMovie.app; sourceTree = BUILT_PRODUCTS_DIR; };
		016414EC18DDBA6E002DB841 /* Foundation.framework */ = {isa = PBXFileReference; lastKnownFileType = wrapper.framework; name = Foundation.framework; path = System/Library/Frameworks/Foundation.framework; sourceTree = SDKROOT; };
		016414EE18DDBA6E002DB841 /* CoreGraphics.framework */ = {isa = PBXFileReference; lastKnownFileType = wrapper.framework; name = CoreGraphics.framework; path = System/Library/Frameworks/CoreGraphics.framework; sourceTree = SDKROOT; };
		016414F018DDBA6E002DB841 /* UIKit.framework */ = {isa = PBXFileReference; lastKnownFileType = wrapper.framework; name = UIKit.framework; path = System/Library/Frameworks/UIKit.framework; sourceTree = SDKROOT; };
		016414F418DDBA6E002DB841 /* iOSMovie-Info.plist */ = {isa = PBXFileReference; lastKnownFileType = text.plist.xml; path = "iOSMovie-Info.plist"; sourceTree = "<group>"; };
		016414F618DDBA6E002DB841 /* en */ = {isa = PBXFileReference; lastKnownFileType = text.plist.strings; name = en; path = en.lproj/InfoPlist.strings; sourceTree = "<group>"; };
		016414F818DDBA6F002DB841 /* main.m */ = {isa = PBXFileReference; lastKnownFileType = sourcecode.c.objc; path = main.m; sourceTree = "<group>"; };
		016414FA18DDBA6F002DB841 /* iOSMovie-Prefix.pch */ = {isa = PBXFileReference; lastKnownFileType = sourcecode.c.h; path = "iOSMovie-Prefix.pch"; sourceTree = "<group>"; };
		016414FB18DDBA6F002DB841 /* AppDelegate.h */ = {isa = PBXFileReference; lastKnownFileType = sourcecode.c.h; path = AppDelegate.h; sourceTree = "<group>"; };
		016414FC18DDBA6F002DB841 /* AppDelegate.m */ = {isa = PBXFileReference; lastKnownFileType = sourcecode.c.objc; path = AppDelegate.m; sourceTree = "<group>"; };
		016414FE18DDBA6F002DB841 /* Images.xcassets */ = {isa = PBXFileReference; lastKnownFileType = folder.assetcatalog; path = Images.xcassets; sourceTree = "<group>"; };
		0164150418DDBA6F002DB841 /* iOSMovieTests.xctest */ = {isa = PBXFileReference; explicitFileType = wrapper.cfbundle; includeInIndex = 0; path = iOSMovieTests.xctest; sourceTree = BUILT_PRODUCTS_DIR; };
		0164150518DDBA6F002DB841 /* XCTest.framework */ = {isa = PBXFileReference; lastKnownFileType = wrapper.framework; name = XCTest.framework; path = Library/Frameworks/XCTest.framework; sourceTree = DEVELOPER_DIR; };
		0164150D18DDBA6F002DB841 /* iOSMovieTests-Info.plist */ = {isa = PBXFileReference; lastKnownFileType = text.plist.xml; path = "iOSMovieTests-Info.plist"; sourceTree = "<group>"; };
		0164150F18DDBA6F002DB841 /* en */ = {isa = PBXFileReference; lastKnownFileType = text.plist.strings; name = en; path = en.lproj/InfoPlist.strings; sourceTree = "<group>"; };
		0164151118DDBA6F002DB841 /* iOSMovieTests.m */ = {isa = PBXFileReference; lastKnownFileType = sourcecode.c.objc; path = iOSMovieTests.m; sourceTree = "<group>"; };
		0164151D18DDBB94002DB841 /* MainViewController.h */ = {isa = PBXFileReference; fileEncoding = 4; lastKnownFileType = sourcecode.c.h; name = MainViewController.h; path = Controller/Main/MainViewController.h; sourceTree = "<group>"; };
		0164151E18DDBB94002DB841 /* MainViewController.m */ = {isa = PBXFileReference; fileEncoding = 4; lastKnownFileType = sourcecode.c.objc; name = MainViewController.m; path = Controller/Main/MainViewController.m; sourceTree = "<group>"; };
/* End PBXFileReference section */

/* Begin PBXFrameworksBuildPhase section */
		016414E618DDBA6E002DB841 /* Frameworks */ = {
			isa = PBXFrameworksBuildPhase;
			buildActionMask = 2147483647;
			files = (
				016414EF18DDBA6E002DB841 /* CoreGraphics.framework in Frameworks */,
				016414F118DDBA6E002DB841 /* UIKit.framework in Frameworks */,
				016414ED18DDBA6E002DB841 /* Foundation.framework in Frameworks */,
			);
			runOnlyForDeploymentPostprocessing = 0;
		};
		0164150118DDBA6F002DB841 /* Frameworks */ = {
			isa = PBXFrameworksBuildPhase;
			buildActionMask = 2147483647;
			files = (
				0164150618DDBA6F002DB841 /* XCTest.framework in Frameworks */,
				0164150818DDBA6F002DB841 /* UIKit.framework in Frameworks */,
				0164150718DDBA6F002DB841 /* Foundation.framework in Frameworks */,
			);
			runOnlyForDeploymentPostprocessing = 0;
		};
/* End PBXFrameworksBuildPhase section */

/* Begin PBXGroup section */
		016414E018DDBA6E002DB841 = {
			isa = PBXGroup;
			children = (
				0164151B18DDBB6D002DB841 /* Controller */,
				016414F218DDBA6E002DB841 /* iOSMovie */,
				0164150B18DDBA6F002DB841 /* iOSMovieTests */,
				016414EB18DDBA6E002DB841 /* Frameworks */,
				016414EA18DDBA6E002DB841 /* Products */,
			);
			sourceTree = "<group>";
		};
		016414EA18DDBA6E002DB841 /* Products */ = {
			isa = PBXGroup;
			children = (
				016414E918DDBA6E002DB841 /* iOSMovie.app */,
				0164150418DDBA6F002DB841 /* iOSMovieTests.xctest */,
			);
			name = Products;
			sourceTree = "<group>";
		};
		016414EB18DDBA6E002DB841 /* Frameworks */ = {
			isa = PBXGroup;
			children = (
				016414EC18DDBA6E002DB841 /* Foundation.framework */,
				016414EE18DDBA6E002DB841 /* CoreGraphics.framework */,
				016414F018DDBA6E002DB841 /* UIKit.framework */,
				0164150518DDBA6F002DB841 /* XCTest.framework */,
			);
			name = Frameworks;
			sourceTree = "<group>";
		};
		016414F218DDBA6E002DB841 /* iOSMovie */ = {
			isa = PBXGroup;
			children = (
				016414FB18DDBA6F002DB841 /* AppDelegate.h */,
				016414FC18DDBA6F002DB841 /* AppDelegate.m */,
				016414FE18DDBA6F002DB841 /* Images.xcassets */,
				016414F318DDBA6E002DB841 /* Supporting Files */,
			);
			path = iOSMovie;
			sourceTree = "<group>";
		};
		016414F318DDBA6E002DB841 /* Supporting Files */ = {
			isa = PBXGroup;
			children = (
				016414F418DDBA6E002DB841 /* iOSMovie-Info.plist */,
				016414F518DDBA6E002DB841 /* InfoPlist.strings */,
				016414F818DDBA6F002DB841 /* main.m */,
				016414FA18DDBA6F002DB841 /* iOSMovie-Prefix.pch */,
			);
			name = "Supporting Files";
			sourceTree = "<group>";
		};
		0164150B18DDBA6F002DB841 /* iOSMovieTests */ = {
			isa = PBXGroup;
			children = (
				0164151118DDBA6F002DB841 /* iOSMovieTests.m */,
				0164150C18DDBA6F002DB841 /* Supporting Files */,
			);
			path = iOSMovieTests;
			sourceTree = "<group>";
		};
		0164150C18DDBA6F002DB841 /* Supporting Files */ = {
			isa = PBXGroup;
			children = (
				0164150D18DDBA6F002DB841 /* iOSMovieTests-Info.plist */,
				0164150E18DDBA6F002DB841 /* InfoPlist.strings */,
			);
			name = "Supporting Files";
			sourceTree = "<group>";
		};
		0164151B18DDBB6D002DB841 /* Controller */ = {
			isa = PBXGroup;
			children = (
				0164151C18DDBB73002DB841 /* Main */,
			);
			name = Controller;
			sourceTree = "<group>";
		};
		0164151C18DDBB73002DB841 /* Main */ = {
			isa = PBXGroup;
			children = (
				0164151D18DDBB94002DB841 /* MainViewController.h */,
				0164151E18DDBB94002DB841 /* MainViewController.m */,
			);
			name = Main;
			sourceTree = "<group>";
		};
/* End PBXGroup section */

/* Begin PBXNativeTarget section */
		016414E818DDBA6E002DB841 /* iOSMovie */ = {
			isa = PBXNativeTarget;
			buildConfigurationList = 0164151518DDBA6F002DB841 /* Build configuration list for PBXNativeTarget "iOSMovie" */;
			buildPhases = (
				016414E518DDBA6E002DB841 /* Sources */,
				016414E618DDBA6E002DB841 /* Frameworks */,
				016414E718DDBA6E002DB841 /* Resources */,
			);
			buildRules = (
			);
			dependencies = (
			);
			name = iOSMovie;
			productName = iOSMovie;
			productReference = 016414E918DDBA6E002DB841 /* iOSMovie.app */;
			productType = "com.apple.product-type.application";
		};
		0164150318DDBA6F002DB841 /* iOSMovieTests */ = {
			isa = PBXNativeTarget;
			buildConfigurationList = 0164151818DDBA6F002DB841 /* Build configuration list for PBXNativeTarget "iOSMovieTests" */;
			buildPhases = (
				0164150018DDBA6F002DB841 /* Sources */,
				0164150118DDBA6F002DB841 /* Frameworks */,
				0164150218DDBA6F002DB841 /* Resources */,
			);
			buildRules = (
			);
			dependencies = (
				0164150A18DDBA6F002DB841 /* PBXTargetDependency */,
			);
			name = iOSMovieTests;
			productName = iOSMovieTests;
			productReference = 0164150418DDBA6F002DB841 /* iOSMovieTests.xctest */;
			productType = "com.apple.product-type.bundle.unit-test";
		};
/* End PBXNativeTarget section */

/* Begin PBXProject section */
		016414E118DDBA6E002DB841 /* Project object */ = {
			isa = PBXProject;
			attributes = {
				LastUpgradeCheck = 0510;
				ORGANIZATIONNAME = "Bernardo Breder";
				TargetAttributes = {
					016414E818DDBA6E002DB841 = {
						SystemCapabilities = {
							com.apple.BackgroundModes = {
								enabled = 1;
							};
						};
					};
					0164150318DDBA6F002DB841 = {
						TestTargetID = 016414E818DDBA6E002DB841;
					};
				};
			};
			buildConfigurationList = 016414E418DDBA6E002DB841 /* Build configuration list for PBXProject "iOSMovie" */;
			compatibilityVersion = "Xcode 3.2";
			developmentRegion = English;
			hasScannedForEncodings = 0;
			knownRegions = (
				en,
			);
			mainGroup = 016414E018DDBA6E002DB841;
			productRefGroup = 016414EA18DDBA6E002DB841 /* Products */;
			projectDirPath = "";
			projectRoot = "";
			targets = (
				016414E818DDBA6E002DB841 /* iOSMovie */,
				0164150318DDBA6F002DB841 /* iOSMovieTests */,
			);
		};
/* End PBXProject section */

/* Begin PBXResourcesBuildPhase section */
		016414E718DDBA6E002DB841 /* Resources */ = {
			isa = PBXResourcesBuildPhase;
			buildActionMask = 2147483647;
			files = (
				016414F718DDBA6E002DB841 /* InfoPlist.strings in Resources */,
				016414FF18DDBA6F002DB841 /* Images.xcassets in Resources */,
			);
			runOnlyForDeploymentPostprocessing = 0;
		};
		0164150218DDBA6F002DB841 /* Resources */ = {
			isa = PBXResourcesBuildPhase;
			buildActionMask = 2147483647;
			files = (
				0164151018DDBA6F002DB841 /* InfoPlist.strings in Resources */,
			);
			runOnlyForDeploymentPostprocessing = 0;
		};
/* End PBXResourcesBuildPhase section */

/* Begin PBXSourcesBuildPhase section */
		016414E518DDBA6E002DB841 /* Sources */ = {
			isa = PBXSourcesBuildPhase;
			buildActionMask = 2147483647;
			files = (
				016414FD18DDBA6F002DB841 /* AppDelegate.m in Sources */,
				0164151F18DDBB94002DB841 /* MainViewController.m in Sources */,
				016414F918DDBA6F002DB841 /* main.m in Sources */,
			);
			runOnlyForDeploymentPostprocessing = 0;
		};
		0164150018DDBA6F002DB841 /* Sources */ = {
			isa = PBXSourcesBuildPhase;
			buildActionMask = 2147483647;
			files = (
				0164151218DDBA6F002DB841 /* iOSMovieTests.m in Sources */,
			);
			runOnlyForDeploymentPostprocessing = 0;
		};
/* End PBXSourcesBuildPhase section */

/* Begin PBXTargetDependency section */
		0164150A18DDBA6F002DB841 /* PBXTargetDependency */ = {
			isa = PBXTargetDependency;
			target = 016414E818DDBA6E002DB841 /* iOSMovie */;
			targetProxy = 0164150918DDBA6F002DB841 /* PBXContainerItemProxy */;
		};
/* End PBXTargetDependency section */

/* Begin PBXVariantGroup section */
		016414F518DDBA6E002DB841 /* InfoPlist.strings */ = {
			isa = PBXVariantGroup;
			children = (
				016414F618DDBA6E002DB841 /* en */,
			);
			name = InfoPlist.strings;
			sourceTree = "<group>";
		};
		0164150E18DDBA6F002DB841 /* InfoPlist.strings */ = {
			isa = PBXVariantGroup;
			children = (
				0164150F18DDBA6F002DB841 /* en */,
			);
			name = InfoPlist.strings;
			sourceTree = "<group>";
		};
/* End PBXVariantGroup section */

/* Begin XCBuildConfiguration section */
		0164151318DDBA6F002DB841 /* Debug */ = {
			isa = XCBuildConfiguration;
			buildSettings = {
				ALWAYS_SEARCH_USER_PATHS = NO;
				CLANG_CXX_LANGUAGE_STANDARD = "gnu++0x";
				CLANG_CXX_LIBRARY = "libc++";
				CLANG_ENABLE_MODULES = YES;
				CLANG_ENABLE_OBJC_ARC = YES;
				CLANG_WARN_BOOL_CONVERSION = YES;
				CLANG_WARN_CONSTANT_CONVERSION = YES;
				CLANG_WARN_DIRECT_OBJC_ISA_USAGE = YES_ERROR;
				CLANG_WARN_EMPTY_BODY = YES;
				CLANG_WARN_ENUM_CONVERSION = YES;
				CLANG_WARN_INT_CONVERSION = YES;
				CLANG_WARN_OBJC_ROOT_CLASS = YES_ERROR;
				CLANG_WARN__DUPLICATE_METHOD_MATCH = YES;
				"CODE_SIGN_IDENTITY[sdk=iphoneos*]" = "iPhone Developer";
				COPY_PHASE_STRIP = NO;
				GCC_C_LANGUAGE_STANDARD = gnu99;
				GCC_DYNAMIC_NO_PIC = NO;
				GCC_OPTIMIZATION_LEVEL = 0;
				GCC_PREPROCESSOR_DEFINITIONS = (
					"DEBUG=1",
					"$(inherited)",
				);
				GCC_SYMBOLS_PRIVATE_EXTERN = NO;
				GCC_WARN_64_TO_32_BIT_CONVERSION = YES;
				GCC_WARN_ABOUT_RETURN_TYPE = YES_ERROR;
				GCC_WARN_UNDECLARED_SELECTOR = YES;
				GCC_WARN_UNINITIALIZED_AUTOS = YES_AGGRESSIVE;
				GCC_WARN_UNUSED_FUNCTION = YES;
				GCC_WARN_UNUSED_VARIABLE = YES;
				IPHONEOS_DEPLOYMENT_TARGET = 7.1;
				ONLY_ACTIVE_ARCH = YES;
				SDKROOT = iphoneos;
				TARGETED_DEVICE_FAMILY = "1,2";
			};
			name = Debug;
		};
		0164151418DDBA6F002DB841 /* Release */ = {
			isa = XCBuildConfiguration;
			buildSettings = {
				ALWAYS_SEARCH_USER_PATHS = NO;
				CLANG_CXX_LANGUAGE_STANDARD = "gnu++0x";
				CLANG_CXX_LIBRARY = "libc++";
				CLANG_ENABLE_MODULES = YES;
				CLANG_ENABLE_OBJC_ARC = YES;
				CLANG_WARN_BOOL_CONVERSION = YES;
				CLANG_WARN_CONSTANT_CONVERSION = YES;
				CLANG_WARN_DIRECT_OBJC_ISA_USAGE = YES_ERROR;
				CLANG_WARN_EMPTY_BODY = YES;
				CLANG_WARN_ENUM_CONVERSION = YES;
				CLANG_WARN_INT_CONVERSION = YES;
				CLANG_WARN_OBJC_ROOT_CLASS = YES_ERROR;
				CLANG_WARN__DUPLICATE_METHOD_MATCH = YES;
				"CODE_SIGN_IDENTITY[sdk=iphoneos*]" = "iPhone Developer";
				COPY_PHASE_STRIP = YES;
				ENABLE_NS_ASSERTIONS = NO;
				GCC_C_LANGUAGE_STANDARD = gnu99;
				GCC_WARN_64_TO_32_BIT_CONVERSION = YES;
				GCC_WARN_ABOUT_RETURN_TYPE = YES_ERROR;
				GCC_WARN_UNDECLARED_SELECTOR = YES;
				GCC_WARN_UNINITIALIZED_AUTOS = YES_AGGRESSIVE;
				GCC_WARN_UNUSED_FUNCTION = YES;
				GCC_WARN_UNUSED_VARIABLE = YES;
				IPHONEOS_DEPLOYMENT_TARGET = 7.1;
				SDKROOT = iphoneos;
				TARGETED_DEVICE_FAMILY = "1,2";
				VALIDATE_PRODUCT = YES;
			};
			name = Release;
		};
		0164151618DDBA6F002DB841 /* Debug */ = {
			isa = XCBuildConfiguration;
			buildSettings = {
				ASSETCATALOG_COMPILER_APPICON_NAME = AppIcon;
				ASSETCATALOG_COMPILER_LAUNCHIMAGE_NAME = LaunchImage;
				GCC_PRECOMPILE_PREFIX_HEADER = YES;
				GCC_PREFIX_HEADER = "iOSMovie/iOSMovie-Prefix.pch";
				INFOPLIST_FILE = "iOSMovie/iOSMovie-Info.plist";
				PRODUCT_NAME = "$(TARGET_NAME)";
				WRAPPER_EXTENSION = app;
			};
			name = Debug;
		};
		0164151718DDBA6F002DB841 /* Release */ = {
			isa = XCBuildConfiguration;
			buildSettings = {
				ASSETCATALOG_COMPILER_APPICON_NAME = AppIcon;
				ASSETCATALOG_COMPILER_LAUNCHIMAGE_NAME = LaunchImage;
				GCC_PRECOMPILE_PREFIX_HEADER = YES;
				GCC_PREFIX_HEADER = "iOSMovie/iOSMovie-Prefix.pch";
				INFOPLIST_FILE = "iOSMovie/iOSMovie-Info.plist";
				PRODUCT_NAME = "$(TARGET_NAME)";
				WRAPPER_EXTENSION = app;
			};
			name = Release;
		};
		0164151918DDBA6F002DB841 /* Debug */ = {
			isa = XCBuildConfiguration;
			buildSettings = {
				BUNDLE_LOADER = "$(BUILT_PRODUCTS_DIR)/iOSMovie.app/iOSMovie";
				FRAMEWORK_SEARCH_PATHS = (
					"$(SDKROOT)/Developer/Library/Frameworks",
					"$(inherited)",
					"$(DEVELOPER_FRAMEWORKS_DIR)",
				);
				GCC_PRECOMPILE_PREFIX_HEADER = YES;
				GCC_PREFIX_HEADER = "iOSMovie/iOSMovie-Prefix.pch";
				GCC_PREPROCESSOR_DEFINITIONS = (
					"DEBUG=1",
					"$(inherited)",
				);
				INFOPLIST_FILE = "iOSMovieTests/iOSMovieTests-Info.plist";
				PRODUCT_NAME = "$(TARGET_NAME)";
				TEST_HOST = "$(BUNDLE_LOADER)";
				WRAPPER_EXTENSION = xctest;
			};
			name = Debug;
		};
		0164151A18DDBA6F002DB841 /* Release */ = {
			isa = XCBuildConfiguration;
			buildSettings = {
				BUNDLE_LOADER = "$(BUILT_PRODUCTS_DIR)/iOSMovie.app/iOSMovie";
				FRAMEWORK_SEARCH_PATHS = (
					"$(SDKROOT)/Developer/Library/Frameworks",
					"$(inherited)",
					"$(DEVELOPER_FRAMEWORKS_DIR)",
				);
				GCC_PRECOMPILE_PREFIX_HEADER = YES;
				GCC_PREFIX_HEADER = "iOSMovie/iOSMovie-Prefix.pch";
				INFOPLIST_FILE = "iOSMovieTests/iOSMovieTests-Info.plist";
				PRODUCT_NAME = "$(TARGET_NAME)";
				TEST_HOST = "$(BUNDLE_LOADER)";
				WRAPPER_EXTENSION = xctest;
			};
			name = Release;
		};
/* End XCBuildConfiguration section */

/* Begin XCConfigurationList section */
		016414E418DDBA6E002DB841 /* Build configuration list for PBXProject "iOSMovie" */ = {
			isa = XCConfigurationList;
			buildConfigurations = (
				0164151318DDBA6F002DB841 /* Debug */,
				0164151418DDBA6F002DB841 /* Release */,
			);
			defaultConfigurationIsVisible = 0;
			defaultConfigurationName = Release;
		};
		0164151518DDBA6F002DB841 /* Build configuration list for PBXNativeTarget "iOSMovie" */ = {
			isa = XCConfigurationList;
			buildConfigurations = (
				0164151618DDBA6F002DB841 /* Debug */,
				0164151718DDBA6F002DB841 /* Release */,
			);
			defaultConfigurationIsVisible = 0;
		};
		0164151818DDBA6F002DB841 /* Build configuration list for PBXNativeTarget "iOSMovieTests" */ = {
			isa = XCConfigurationList;
			buildConfigurations = (
				0164151918DDBA6F002DB841 /* Debug */,
				0164151A18DDBA6F002DB841 /* Release */,
			);
			defaultConfigurationIsVisible = 0;
		};
/* End XCConfigurationList section */
	};
	rootObject = 016414E118DDBA6E002DB841 /* Project object */;
}
